
Microsoft Visual Studio Solution File, Format Version 12.00
# Visual Studio Version 16
VisualStudioVersion = 16.0.30309.148
MinimumVisualStudioVersion = 10.0.40219.1
Project("{FAE04EC0-301F-11D3-BF4B-00C04F79EFBC}") = "BookListRazor", "BookListRazor\BookListRazor.csproj", "{1607BE09-5B3E-4397-9E9A-2323E058AEAF}"
EndProject
Global
	GlobalSection(SolutionConfigurationPlatforms) = preSolution
		Debug|Any CPU = Debug|Any CPU
		Release|Any CPU = Release|Any CPU
	EndGlobalSection
	GlobalSection(ProjectConfigurationPlatforms) = postSolution
		{1607BE09-5B3E-4397-9E9A-2323E058AEAF}.Debug|Any CPU.ActiveCfg = Debug|Any CPU
		{1607BE09-5B3E-4397-9E9A-2323E058AEAF}.Debug|Any CPU.Build.0 = Debug|Any CPU
		{1607BE09-5B3E-4397-9E9A-2323E058AEAF}.Release|Any CPU.ActiveCfg = Release|Any CPU
		{1607BE09-5B3E-4397-9E9A-2323E058AEAF}.Release|Any CPU.Build.0 = Release|Any CPU
	EndGlobalSection
	GlobalSection(SolutionProperties) = preSolution
		HideSolutionNode = FALSE
	EndGlobalSection
	GlobalSection(ExtensibilityGlobals) = postSolution
		SolutionGuid = {82E3FB47-15D9-495C-BDA9-91D3476E48D7}
	EndGlobalSection
EndGlobal
